<?xml version="1.0" encoding="utf-8"?>
<Project ToolsVersion="4.0" xmlns="http://schemas.microsoft.com/developer/msbuild/2003">
  <ItemGroup>
    <ClInclude Include="Accessories.cuh" />
    <ClInclude Include="DirectSolvers.cuh" />
    <ClInclude Include="fast_math.cuh" />
    <ClInclude Include="Solvers.cuh" />
    <ClInclude Include="StationarySolvers.cuh" />
    <ClInclude Include="SystemDefinition.cuh" />
    <ClInclude Include="Tools.cuh" />
    <ClInclude Include="Dependecies\AD.cuh">
      <Filter>Dependencies</Filter>
    </ClInclude>
    <ClInclude Include="BICG.cuh" />
    <ClInclude Include="GMRES.cuh" />
    <ClInclude Include="JFGMRES.cuh" />
    <ClInclude Include="SolverFunctions.cuh">
      <Filter>Obsolate</Filter>
    </ClInclude>
    <ClInclude Include="MidPointRuleStepper.cuh" />
    <ClInclude Include="FixedPointIteration.cuh">
      <Filter>NonlinearIteration</Filter>
    </ClInclude>
    <ClInclude Include="NewtonIteration.cuh">
      <Filter>NonlinearIteration</Filter>
    </ClInclude>
    <ClInclude Include="JacobiFreeNewtonIteration.cuh">
      <Filter>NonlinearIteration</Filter>
    </ClInclude>
  </ItemGroup>
  <ItemGroup>
    <Filter Include="Dependencies">
      <UniqueIdentifier>{d57907d9-7af3-464e-a314-9997ad3e2652}</UniqueIdentifier>
    </Filter>
    <Filter Include="Obsolate">
      <UniqueIdentifier>{e027130c-5c01-48c9-a72e-9e5af5488afb}</UniqueIdentifier>
    </Filter>
    <Filter Include="NonlinearIteration">
      <UniqueIdentifier>{512fcf34-213f-43e2-8b25-9fec2abb98c1}</UniqueIdentifier>
    </Filter>
  </ItemGroup>
</Project>